// !$*UTF8*$!
{
	archiveVersion = 1;
	classes = {
	};
	objectVersion = 46;
	objects = {

/* Begin PBXBuildFile section */
		C2C644341A823AC80062A36E /* main.m in Sources */ = {isa = PBXBuildFile; fileRef = C2C644331A823AC80062A36E /* main.m */; };
		C2C644371A823AC80062A36E /* AppDelegate.m in Sources */ = {isa = PBXBuildFile; fileRef = C2C644361A823AC80062A36E /* AppDelegate.m */; };
		C2C6443A1A823AC80062A36E /* ViewController.m in Sources */ = {isa = PBXBuildFile; fileRef = C2C644391A823AC80062A36E /* ViewController.m */; };
		C2C6443D1A823AC80062A36E /* Main.storyboard in Resources */ = {isa = PBXBuildFile; fileRef = C2C6443B1A823AC80062A36E /* Main.storyboard */; };
		C2C6443F1A823AC80062A36E /* Images.xcassets in Resources */ = {isa = PBXBuildFile; fileRef = C2C6443E1A823AC80062A36E /* Images.xcassets */; };
		C2C644421A823AC80062A36E /* LaunchScreen.xib in Resources */ = {isa = PBXBuildFile; fileRef = C2C644401A823AC80062A36E /* LaunchScreen.xib */; };
		C2C6444E1A823AC90062A36E /* KhaledJemniTests.m in Sources */ = {isa = PBXBuildFile; fileRef = C2C6444D1A823AC90062A36E /* KhaledJemniTests.m */; };
		C2C644581A823D140062A36E /* AVFoundation.framework in Frameworks */ = {isa = PBXBuildFile; fileRef = C2C644571A823D140062A36E /* AVFoundation.framework */; };
		C2C6445B1A823D950062A36E /* AVCamPreviewView.m in Sources */ = {isa = PBXBuildFile; fileRef = C2C6445A1A823D950062A36E /* AVCamPreviewView.m */; };
		C2C6445D1A8242260062A36E /* rec.png in Resources */ = {isa = PBXBuildFile; fileRef = C2C6445C1A8242260062A36E /* rec.png */; };
		C2C644601A8246240062A36E /* TsawerViewController.m in Sources */ = {isa = PBXBuildFile; fileRef = C2C6445F1A8246240062A36E /* TsawerViewController.m */; };
/* End PBXBuildFile section */

/* Begin PBXContainerItemProxy section */
		C2C644481A823AC80062A36E /* PBXContainerItemProxy */ = {
			isa = PBXContainerItemProxy;
			containerPortal = C2C644261A823AC80062A36E /* Project object */;
			proxyType = 1;
			remoteGlobalIDString = C2C6442D1A823AC80062A36E;
			remoteInfo = KhaledJemni;
		};
/* End PBXContainerItemProxy section */

/* Begin PBXFileReference section */
		C2C6442E1A823AC80062A36E /* KhaledJemni.app */ = {isa = PBXFileReference; explicitFileType = wrapper.application; includeInIndex = 0; path = KhaledJemni.app; sourceTree = BUILT_PRODUCTS_DIR; };
		C2C644321A823AC80062A36E /* Info.plist */ = {isa = PBXFileReference; lastKnownFileType = text.plist.xml; path = Info.plist; sourceTree = "<group>"; };
		C2C644331A823AC80062A36E /* main.m */ = {isa = PBXFileReference; lastKnownFileType = sourcecode.c.objc; path = main.m; sourceTree = "<group>"; };
		C2C644351A823AC80062A36E /* AppDelegate.h */ = {isa = PBXFileReference; lastKnownFileType = sourcecode.c.h; path = AppDelegate.h; sourceTree = "<group>"; };
		C2C644361A823AC80062A36E /* AppDelegate.m */ = {isa = PBXFileReference; lastKnownFileType = sourcecode.c.objc; path = AppDelegate.m; sourceTree = "<group>"; };
		C2C644381A823AC80062A36E /* ViewController.h */ = {isa = PBXFileReference; lastKnownFileType = sourcecode.c.h; path = ViewController.h; sourceTree = "<group>"; };
		C2C644391A823AC80062A36E /* ViewController.m */ = {isa = PBXFileReference; lastKnownFileType = sourcecode.c.objc; path = ViewController.m; sourceTree = "<group>"; };
		C2C6443C1A823AC80062A36E /* Base */ = {isa = PBXFileReference; lastKnownFileType = file.storyboard; name = Base; path = Base.lproj/Main.storyboard; sourceTree = "<group>"; };
		C2C6443E1A823AC80062A36E /* Images.xcassets */ = {isa = PBXFileReference; lastKnownFileType = folder.assetcatalog; path = Images.xcassets; sourceTree = "<group>"; };
		C2C644411A823AC80062A36E /* Base */ = {isa = PBXFileReference; lastKnownFileType = file.xib; name = Base; path = Base.lproj/LaunchScreen.xib; sourceTree = "<group>"; };
		C2C644471A823AC80062A36E /* KhaledJemniTests.xctest */ = {isa = PBXFileReference; explicitFileType = wrapper.cfbundle; includeInIndex = 0; path = KhaledJemniTests.xctest; sourceTree = BUILT_PRODUCTS_DIR; };
		C2C6444C1A823AC90062A36E /* Info.plist */ = {isa = PBXFileReference; lastKnownFileType = text.plist.xml; path = Info.plist; sourceTree = "<group>"; };
		C2C6444D1A823AC90062A36E /* KhaledJemniTests.m */ = {isa = PBXFileReference; lastKnownFileType = sourcecode.c.objc; path = KhaledJemniTests.m; sourceTree = "<group>"; };
		C2C644571A823D140062A36E /* AVFoundation.framework */ = {isa = PBXFileReference; lastKnownFileType = wrapper.framework; name = AVFoundation.framework; path = System/Library/Frameworks/AVFoundation.framework; sourceTree = SDKROOT; };
		C2C644591A823D950062A36E /* AVCamPreviewView.h */ = {isa = PBXFileReference; fileEncoding = 4; lastKnownFileType = sourcecode.c.h; path = AVCamPreviewView.h; sourceTree = "<group>"; };
		C2C6445A1A823D950062A36E /* AVCamPreviewView.m */ = {isa = PBXFileReference; fileEncoding = 4; lastKnownFileType = sourcecode.c.objc; path = AVCamPreviewView.m; sourceTree = "<group>"; };
		C2C6445C1A8242260062A36E /* rec.png */ = {isa = PBXFileReference; lastKnownFileType = image.png; path = rec.png; sourceTree = "<group>"; };
		C2C6445E1A8246240062A36E /* TsawerViewController.h */ = {isa = PBXFileReference; fileEncoding = 4; lastKnownFileType = sourcecode.c.h; path = TsawerViewController.h; sourceTree = "<group>"; };
		C2C6445F1A8246240062A36E /* TsawerViewController.m */ = {isa = PBXFileReference; fileEncoding = 4; lastKnownFileType = sourcecode.c.objc; path = TsawerViewController.m; sourceTree = "<group>"; };
/* End PBXFileReference section */

/* Begin PBXFrameworksBuildPhase section */
		C2C6442B1A823AC80062A36E /* Frameworks */ = {
			isa = PBXFrameworksBuildPhase;
			buildActionMask = 2147483647;
			files = (
				C2C644581A823D140062A36E /* AVFoundation.framework in Frameworks */,
			);
			runOnlyForDeploymentPostprocessing = 0;
		};
		C2C644441A823AC80062A36E /* Frameworks */ = {
			isa = PBXFrameworksBuildPhase;
			buildActionMask = 2147483647;
			files = (
			);
			runOnlyForDeploymentPostprocessing = 0;
		};
/* End PBXFrameworksBuildPhase section */

/* Begin PBXGroup section */
		C2C644251A823AC80062A36E = {
			isa = PBXGroup;
			children = (
				C2C644301A823AC80062A36E /* KhaledJemni */,
				C2C6444A1A823AC90062A36E /* KhaledJemniTests */,
				C2C6442F1A823AC80062A36E /* Products */,
			);
			sourceTree = "<group>";
		};
		C2C6442F1A823AC80062A36E /* Products */ = {
			isa = PBXGroup;
			children = (
				C2C6442E1A823AC80062A36E /* KhaledJemni.app */,
				C2C644471A823AC80062A36E /* KhaledJemniTests.xctest */,
			);
			name = Products;
			sourceTree = "<group>";
		};
		C2C644301A823AC80062A36E /* KhaledJemni */ = {
			isa = PBXGroup;
			children = (
				C2C6445C1A8242260062A36E /* rec.png */,
				C2C644351A823AC80062A36E /* AppDelegate.h */,
				C2C644361A823AC80062A36E /* AppDelegate.m */,
				C2C644591A823D950062A36E /* AVCamPreviewView.h */,
				C2C6445A1A823D950062A36E /* AVCamPreviewView.m */,
				C2C644381A823AC80062A36E /* ViewController.h */,
				C2C644391A823AC80062A36E /* ViewController.m */,
				C2C6443B1A823AC80062A36E /* Main.storyboard */,
				C2C6443E1A823AC80062A36E /* Images.xcassets */,
				C2C644401A823AC80062A36E /* LaunchScreen.xib */,
				C2C644571A823D140062A36E /* AVFoundation.framework */,
				C2C644311A823AC80062A36E /* Supporting Files */,
				C2C6445E1A8246240062A36E /* TsawerViewController.h */,
				C2C6445F1A8246240062A36E /* TsawerViewController.m */,
			);
			path = KhaledJemni;
			sourceTree = "<group>";
		};
		C2C644311A823AC80062A36E /* Supporting Files */ = {
			isa = PBXGroup;
			children = (
				C2C644321A823AC80062A36E /* Info.plist */,
				C2C644331A823AC80062A36E /* main.m */,
			);
			name = "Supporting Files";
			sourceTree = "<group>";
		};
		C2C6444A1A823AC90062A36E /* KhaledJemniTests */ = {
			isa = PBXGroup;
			children = (
				C2C6444D1A823AC90062A36E /* KhaledJemniTests.m */,
				C2C6444B1A823AC90062A36E /* Supporting Files */,
			);
			path = KhaledJemniTests;
			sourceTree = "<group>";
		};
		C2C6444B1A823AC90062A36E /* Supporting Files */ = {
			isa = PBXGroup;
			children = (
				C2C6444C1A823AC90062A36E /* Info.plist */,
			);
			name = "Supporting Files";
			sourceTree = "<group>";
		};
/* End PBXGroup section */

/* Begin PBXNativeTarget section */
		C2C6442D1A823AC80062A36E /* KhaledJemni */ = {
			isa = PBXNativeTarget;
			buildConfigurationList = C2C644511A823AC90062A36E /* Build configuration list for PBXNativeTarget "KhaledJemni" */;
			buildPhases = (
				C2C6442A1A823AC80062A36E /* Sources */,
				C2C6442B1A823AC80062A36E /* Frameworks */,
				C2C6442C1A823AC80062A36E /* Resources */,
			);
			buildRules = (
			);
			dependencies = (
			);
			name = KhaledJemni;
			productName = KhaledJemni;
			productReference = C2C6442E1A823AC80062A36E /* KhaledJemni.app */;
			productType = "com.apple.product-type.application";
		};
		C2C644461A823AC80062A36E /* KhaledJemniTests */ = {
			isa = PBXNativeTarget;
			buildConfigurationList = C2C644541A823AC90062A36E /* Build configuration list for PBXNativeTarget "KhaledJemniTests" */;
			buildPhases = (
				C2C644431A823AC80062A36E /* Sources */,
				C2C644441A823AC80062A36E /* Frameworks */,
				C2C644451A823AC80062A36E /* Resources */,
			);
			buildRules = (
			);
			dependencies = (
				C2C644491A823AC80062A36E /* PBXTargetDependency */,
			);
			name = KhaledJemniTests;
			productName = KhaledJemniTests;
			productReference = C2C644471A823AC80062A36E /* KhaledJemniTests.xctest */;
			productType = "com.apple.product-type.bundle.unit-test";
		};
/* End PBXNativeTarget section */

/* Begin PBXProject section */
		C2C644261A823AC80062A36E /* Project object */ = {
			isa = PBXProject;
			attributes = {
				LastUpgradeCheck = 0610;
				ORGANIZATIONNAME = "Alaa Eddine CHERBIB";
				TargetAttributes = {
					C2C6442D1A823AC80062A36E = {
						CreatedOnToolsVersion = 6.1.1;
					};
					C2C644461A823AC80062A36E = {
						CreatedOnToolsVersion = 6.1.1;
						TestTargetID = C2C6442D1A823AC80062A36E;
					};
				};
			};
			buildConfigurationList = C2C644291A823AC80062A36E /* Build configuration list for PBXProject "KhaledJemni" */;
			compatibilityVersion = "Xcode 3.2";
			developmentRegion = English;
			hasScannedForEncodings = 0;
			knownRegions = (
				en,
				Base,
			);
			mainGroup = C2C644251A823AC80062A36E;
			productRefGroup = C2C6442F1A823AC80062A36E /* Products */;
			projectDirPath = "";
			projectRoot = "";
			targets = (
				C2C6442D1A823AC80062A36E /* KhaledJemni */,
				C2C644461A823AC80062A36E /* KhaledJemniTests */,
			);
		};
/* End PBXProject section */

/* Begin PBXResourcesBuildPhase section */
		C2C6442C1A823AC80062A36E /* Resources */ = {
			isa = PBXResourcesBuildPhase;
			buildActionMask = 2147483647;
			files = (
				C2C6445D1A8242260062A36E /* rec.png in Resources */,
				C2C6443D1A823AC80062A36E /* Main.storyboard in Resources */,
				C2C644421A823AC80062A36E /* LaunchScreen.xib in Resources */,
				C2C6443F1A823AC80062A36E /* Images.xcassets in Resources */,
			);
			runOnlyForDeploymentPostprocessing = 0;
		};
		C2C644451A823AC80062A36E /* Resources */ = {
			isa = PBXResourcesBuildPhase;
			buildActionMask = 2147483647;
			files = (
			);
			runOnlyForDeploymentPostprocessing = 0;
		};
/* End PBXResourcesBuildPhase section */

/* Begin PBXSourcesBuildPhase section */
		C2C6442A1A823AC80062A36E /* Sources */ = {
			isa = PBXSourcesBuildPhase;
			buildActionMask = 2147483647;
			files = (
				C2C644601A8246240062A36E /* TsawerViewController.m in Sources */,
				C2C6443A1A823AC80062A36E /* ViewController.m in Sources */,
				C2C644371A823AC80062A36E /* AppDelegate.m in Sources */,
				C2C6445B1A823D950062A36E /* AVCamPreviewView.m in Sources */,
				C2C644341A823AC80062A36E /* main.m in Sources */,
			);
			runOnlyForDeploymentPostprocessing = 0;
		};
		C2C644431A823AC80062A36E /* Sources */ = {
			isa = PBXSourcesBuildPhase;
			buildActionMask = 2147483647;
			files = (
				C2C6444E1A823AC90062A36E /* KhaledJemniTests.m in Sources */,
			);
			runOnlyForDeploymentPostprocessing = 0;
		};
/* End PBXSourcesBuildPhase section */

/* Begin PBXTargetDependency section */
		C2C644491A823AC80062A36E /* PBXTargetDependency */ = {
			isa = PBXTargetDependency;
			target = C2C6442D1A823AC80062A36E /* KhaledJemni */;
			targetProxy = C2C644481A823AC80062A36E /* PBXContainerItemProxy */;
		};
/* End PBXTargetDependency section */

/* Begin PBXVariantGroup section */
		C2C6443B1A823AC80062A36E /* Main.storyboard */ = {
			isa = PBXVariantGroup;
			children = (
				C2C6443C1A823AC80062A36E /* Base */,
			);
			name = Main.storyboard;
			sourceTree = "<group>";
		};
		C2C644401A823AC80062A36E /* LaunchScreen.xib */ = {
			isa = PBXVariantGroup;
			children = (
				C2C644411A823AC80062A36E /* Base */,
			);
			name = LaunchScreen.xib;
			sourceTree = "<group>";
		};
/* End PBXVariantGroup section */

/* Begin XCBuildConfiguration section */
		C2C6444F1A823AC90062A36E /* Debug */ = {
			isa = XCBuildConfiguration;
			buildSettings = {
				ALWAYS_SEARCH_USER_PATHS = NO;
				CLANG_CXX_LANGUAGE_STANDARD = "gnu++0x";
				CLANG_CXX_LIBRARY = "libc++";
				CLANG_ENABLE_MODULES = YES;
				CLANG_ENABLE_OBJC_ARC = YES;
				CLANG_WARN_BOOL_CONVERSION = YES;
				CLANG_WARN_CONSTANT_CONVERSION = YES;
				CLANG_WARN_DIRECT_OBJC_ISA_USAGE = YES_ERROR;
				CLANG_WARN_EMPTY_BODY = YES;
				CLANG_WARN_ENUM_CONVERSION = YES;
				CLANG_WARN_INT_CONVERSION = YES;
				CLANG_WARN_OBJC_ROOT_CLASS = YES_ERROR;
				CLANG_WARN_UNREACHABLE_CODE = YES;
				CLANG_WARN__DUPLICATE_METHOD_MATCH = YES;
				"CODE_SIGN_IDENTITY[sdk=iphoneos*]" = "iPhone Developer";
				COPY_PHASE_STRIP = NO;
				ENABLE_STRICT_OBJC_MSGSEND = YES;
				GCC_C_LANGUAGE_STANDARD = gnu99;
				GCC_DYNAMIC_NO_PIC = NO;
				GCC_OPTIMIZATION_LEVEL = 0;
				GCC_PREPROCESSOR_DEFINITIONS = (
					"DEBUG=1",
					"$(inherited)",
				);
				GCC_SYMBOLS_PRIVATE_EXTERN = NO;
				GCC_WARN_64_TO_32_BIT_CONVERSION = YES;
				GCC_WARN_ABOUT_RETURN_TYPE = YES_ERROR;
				GCC_WARN_UNDECLARED_SELECTOR = YES;
				GCC_WARN_UNINITIALIZED_AUTOS = YES_AGGRESSIVE;
				GCC_WARN_UNUSED_FUNCTION = YES;
				GCC_WARN_UNUSED_VARIABLE = YES;
				IPHONEOS_DEPLOYMENT_TARGET = 7.1;
				MTL_ENABLE_DEBUG_INFO = YES;
				ONLY_ACTIVE_ARCH = YES;
				SDKROOT = iphoneos;
				TARGETED_DEVICE_FAMILY = "1,2";
			};
			name = Debug;
		};
		C2C644501A823AC90062A36E /* Release */ = {
			isa = XCBuildConfiguration;
			buildSettings = {
				ALWAYS_SEARCH_USER_PATHS = NO;
				CLANG_CXX_LANGUAGE_STANDARD = "gnu++0x";
				CLANG_CXX_LIBRARY = "libc++";
				CLANG_ENABLE_MODULES = YES;
				CLANG_ENABLE_OBJC_ARC = YES;
				CLANG_WARN_BOOL_CONVERSION = YES;
				CLANG_WARN_CONSTANT_CONVERSION = YES;
				CLANG_WARN_DIRECT_OBJC_ISA_USAGE = YES_ERROR;
				CLANG_WARN_EMPTY_BODY = YES;
				CLANG_WARN_ENUM_CONVERSION = YES;
				CLANG_WARN_INT_CONVERSION = YES;
				CLANG_WARN_OBJC_ROOT_CLASS = YES_ERROR;
				CLANG_WARN_UNREACHABLE_CODE = YES;
				CLANG_WARN__DUPLICATE_METHOD_MATCH = YES;
				"CODE_SIGN_IDENTITY[sdk=iphoneos*]" = "iPhone Developer";
				COPY_PHASE_STRIP = YES;
				ENABLE_NS_ASSERTIONS = NO;
				ENABLE_STRICT_OBJC_MSGSEND = YES;
				GCC_C_LANGUAGE_STANDARD = gnu99;
				GCC_WARN_64_TO_32_BIT_CONVERSION = YES;
				GCC_WARN_ABOUT_RETURN_TYPE = YES_ERROR;
				GCC_WARN_UNDECLARED_SELECTOR = YES;
				GCC_WARN_UNINITIALIZED_AUTOS = YES_AGGRESSIVE;
				GCC_WARN_UNUSED_FUNCTION = YES;
				GCC_WARN_UNUSED_VARIABLE = YES;
				IPHONEOS_DEPLOYMENT_TARGET = 7.1;
				MTL_ENABLE_DEBUG_INFO = NO;
				SDKROOT = iphoneos;
				TARGETED_DEVICE_FAMILY = "1,2";
				VALIDATE_PRODUCT = YES;
			};
			name = Release;
		};
		C2C644521A823AC90062A36E /* Debug */ = {
			isa = XCBuildConfiguration;
			buildSettings = {
				ASSETCATALOG_COMPILER_APPICON_NAME = AppIcon;
				INFOPLIST_FILE = KhaledJemni/Info.plist;
				IPHONEOS_DEPLOYMENT_TARGET = 7.1;
				LD_RUNPATH_SEARCH_PATHS = "$(inherited) @executable_path/Frameworks";
				PRODUCT_NAME = "$(TARGET_NAME)";
				TARGETED_DEVICE_FAMILY = 1;
			};
			name = Debug;
		};
		C2C644531A823AC90062A36E /* Release */ = {
			isa = XCBuildConfiguration;
			buildSettings = {
				ASSETCATALOG_COMPILER_APPICON_NAME = AppIcon;
				INFOPLIST_FILE = KhaledJemni/Info.plist;
				IPHONEOS_DEPLOYMENT_TARGET = 7.1;
				LD_RUNPATH_SEARCH_PATHS = "$(inherited) @executable_path/Frameworks";
				PRODUCT_NAME = "$(TARGET_NAME)";
				TARGETED_DEVICE_FAMILY = 1;
			};
			name = Release;
		};
		C2C644551A823AC90062A36E /* Debug */ = {
			isa = XCBuildConfiguration;
			buildSettings = {
				BUNDLE_LOADER = "$(TEST_HOST)";
				FRAMEWORK_SEARCH_PATHS = (
					"$(SDKROOT)/Developer/Library/Frameworks",
					"$(inherited)",
				);
				GCC_PREPROCESSOR_DEFINITIONS = (
					"DEBUG=1",
					"$(inherited)",
				);
				INFOPLIST_FILE = KhaledJemniTests/Info.plist;
				LD_RUNPATH_SEARCH_PATHS = "$(inherited) @executable_path/Frameworks @loader_path/Frameworks";
				PRODUCT_NAME = "$(TARGET_NAME)";
				TEST_HOST = "$(BUILT_PRODUCTS_DIR)/KhaledJemni.app/KhaledJemni";
			};
			name = Debug;
		};
		C2C644561A823AC90062A36E /* Release */ = {
			isa = XCBuildConfiguration;
			buildSettings = {
				BUNDLE_LOADER = "$(TEST_HOST)";
				FRAMEWORK_SEARCH_PATHS = (
					"$(SDKROOT)/Developer/Library/Frameworks",
					"$(inherited)",
				);
				INFOPLIST_FILE = KhaledJemniTests/Info.plist;
				LD_RUNPATH_SEARCH_PATHS = "$(inherited) @executable_path/Frameworks @loader_path/Frameworks";
				PRODUCT_NAME = "$(TARGET_NAME)";
				TEST_HOST = "$(BUILT_PRODUCTS_DIR)/KhaledJemni.app/KhaledJemni";
			};
			name = Release;
		};
/* End XCBuildConfiguration section */

/* Begin XCConfigurationList section */
		C2C644291A823AC80062A36E /* Build configuration list for PBXProject "KhaledJemni" */ = {
			isa = XCConfigurationList;
			buildConfigurations = (
				C2C6444F1A823AC90062A36E /* Debug */,
				C2C644501A823AC90062A36E /* Release */,
			);
			defaultConfigurationIsVisible = 0;
			defaultConfigurationName = Release;
		};
		C2C644511A823AC90062A36E /* Build configuration list for PBXNativeTarget "KhaledJemni" */ = {
			isa = XCConfigurationList;
			buildConfigurations = (
				C2C644521A823AC90062A36E /* Debug */,
				C2C644531A823AC90062A36E /* Release */,
			);
			defaultConfigurationIsVisible = 0;
			defaultConfigurationName = Release;
		};
		C2C644541A823AC90062A36E /* Build configuration list for PBXNativeTarget "KhaledJemniTests" */ = {
			isa = XCConfigurationList;
			buildConfigurations = (
				C2C644551A823AC90062A36E /* Debug */,
				C2C644561A823AC90062A36E /* Release */,
			);
			defaultConfigurationIsVisible = 0;
			defaultConfigurationName = Release;
		};
/* End XCConfigurationList section */
	};
	rootObject = C2C644261A823AC80062A36E /* Project object */;
}
